
Microsoft Visual Studio Solution File, Format Version 12.00
# Visual Studio Version 17
VisualStudioVersion = 17.9.34723.18
MinimumVisualStudioVersion = 10.0.40219.1
Project("{2150E333-8FDC-42A3-9474-1A3956D46DE8}") = "Application", "Application", "{17014FF3-784B-4511-9090-360E496104FD}"
EndProject
Project("{2150E333-8FDC-42A3-9474-1A3956D46DE8}") = "Domain", "Domain", "{BE90C12B-9545-4626-80CF-B4F7610B5848}"
EndProject
Project("{2150E333-8FDC-42A3-9474-1A3956D46DE8}") = "Infrastructure", "Infrastructure", "{D9300196-EC02-4F6C-8AE0-624CA0934DEF}"
EndProject
Project("{2150E333-8FDC-42A3-9474-1A3956D46DE8}") = "Shared", "Shared", "{52BEB6FA-946B-431F-A013-B34F93523233}"
EndProject
Project("{2150E333-8FDC-42A3-9474-1A3956D46DE8}") = "src", "src", "{CCDC63DC-BD3B-419E-8FB2-E031E4930372}"
EndProject
Project("{2150E333-8FDC-42A3-9474-1A3956D46DE8}") = "test", "test", "{4FC0C551-002E-43FD-B7F4-7006CEAF4424}"
EndProject
Project("{9A19103F-16F7-4668-BE54-9A1E7A4F7556}") = "InvestingWizard.Domain", "InvestingWizard.Domain\InvestingWizard.Domain.csproj", "{3BF57D9D-2B64-466A-92A9-5942CB8557C8}"
EndProject
Project("{9A19103F-16F7-4668-BE54-9A1E7A4F7556}") = "InvestingWizard.Application", "InvestingWizard.Application\InvestingWizard.Application.csproj", "{625F1795-56A1-46E1-9025-728927A97EB6}"
EndProject
Project("{9A19103F-16F7-4668-BE54-9A1E7A4F7556}") = "InvestingWizard.Infrastructure", "InvestingWizard.Infrastructure\InvestingWizard.Infrastructure.csproj", "{8B0332CD-3BEE-473C-BAB5-F3840E767140}"
EndProject
Project("{9A19103F-16F7-4668-BE54-9A1E7A4F7556}") = "InvestingWizard.Identity", "InvestingWizard.Identity\InvestingWizard.Identity.csproj", "{6376ED40-00EC-42FC-914F-504F69F3CD8C}"
EndProject
Project("{2150E333-8FDC-42A3-9474-1A3956D46DE8}") = "Core", "Core", "{FEA5F0B3-D8E8-4ED8-8CF1-A70DE886F65A}"
EndProject
Project("{9A19103F-16F7-4668-BE54-9A1E7A4F7556}") = "InvestingWizard.Shared", "InvestingWizard.Shared\InvestingWizard.Shared.csproj", "{BE881514-97F4-42B6-A7E5-826BECBE6702}"
EndProject
Project("{2150E333-8FDC-42A3-9474-1A3956D46DE8}") = "TradingAssistant", "TradingAssistant", "{B37554B9-5DD5-421F-893D-81E5822DE07A}"
EndProject
Project("{9A19103F-16F7-4668-BE54-9A1E7A4F7556}") = "InvestingWizard.TradingAssistant", "InvestingWizard.TradingAssistant\InvestingWizard.TradingAssistant.csproj", "{1AB1A553-E95A-4B97-9CF2-ADDC025E1CB5}"
EndProject
Project("{2150E333-8FDC-42A3-9474-1A3956D46DE8}") = "WebUI", "WebUI", "{4F248EF6-8CFD-40A5-B360-1B6265B01019}"
EndProject
Project("{9A19103F-16F7-4668-BE54-9A1E7A4F7556}") = "InvestingWizard.WebUI", "InvestingWizard.WebUI\InvestingWizard.WebUI.csproj", "{935C6894-C1AB-4703-8617-C80CC7EEF2A1}"
EndProject
Project("{2150E333-8FDC-42A3-9474-1A3956D46DE8}") = "WebApi", "WebApi", "{75A7311F-36F4-4FFE-8FCC-EA1AD8E009F0}"
EndProject
Project("{FAE04EC0-301F-11D3-BF4B-00C04F79EFBC}") = "InvestingWizard.WebApi", "InvestingWizard.WebApi\InvestingWizard.WebApi.csproj", "{0C3E6463-F050-4104-BF17-09A6DDE2529B}"
EndProject
Global
	GlobalSection(SolutionConfigurationPlatforms) = preSolution
		Debug|Any CPU = Debug|Any CPU
		Release|Any CPU = Release|Any CPU
	EndGlobalSection
	GlobalSection(ProjectConfigurationPlatforms) = postSolution
		{3BF57D9D-2B64-466A-92A9-5942CB8557C8}.Debug|Any CPU.ActiveCfg = Debug|Any CPU
		{3BF57D9D-2B64-466A-92A9-5942CB8557C8}.Debug|Any CPU.Build.0 = Debug|Any CPU
		{3BF57D9D-2B64-466A-92A9-5942CB8557C8}.Release|Any CPU.ActiveCfg = Release|Any CPU
		{3BF57D9D-2B64-466A-92A9-5942CB8557C8}.Release|Any CPU.Build.0 = Release|Any CPU
		{625F1795-56A1-46E1-9025-728927A97EB6}.Debug|Any CPU.ActiveCfg = Debug|Any CPU
		{625F1795-56A1-46E1-9025-728927A97EB6}.Debug|Any CPU.Build.0 = Debug|Any CPU
		{625F1795-56A1-46E1-9025-728927A97EB6}.Release|Any CPU.ActiveCfg = Release|Any CPU
		{625F1795-56A1-46E1-9025-728927A97EB6}.Release|Any CPU.Build.0 = Release|Any CPU
		{8B0332CD-3BEE-473C-BAB5-F3840E767140}.Debug|Any CPU.ActiveCfg = Debug|Any CPU
		{8B0332CD-3BEE-473C-BAB5-F3840E767140}.Debug|Any CPU.Build.0 = Debug|Any CPU
		{8B0332CD-3BEE-473C-BAB5-F3840E767140}.Release|Any CPU.ActiveCfg = Release|Any CPU
		{8B0332CD-3BEE-473C-BAB5-F3840E767140}.Release|Any CPU.Build.0 = Release|Any CPU
		{6376ED40-00EC-42FC-914F-504F69F3CD8C}.Debug|Any CPU.ActiveCfg = Debug|Any CPU
		{6376ED40-00EC-42FC-914F-504F69F3CD8C}.Debug|Any CPU.Build.0 = Debug|Any CPU
		{6376ED40-00EC-42FC-914F-504F69F3CD8C}.Release|Any CPU.ActiveCfg = Release|Any CPU
		{6376ED40-00EC-42FC-914F-504F69F3CD8C}.Release|Any CPU.Build.0 = Release|Any CPU
		{BE881514-97F4-42B6-A7E5-826BECBE6702}.Debug|Any CPU.ActiveCfg = Debug|Any CPU
		{BE881514-97F4-42B6-A7E5-826BECBE6702}.Debug|Any CPU.Build.0 = Debug|Any CPU
		{BE881514-97F4-42B6-A7E5-826BECBE6702}.Release|Any CPU.ActiveCfg = Release|Any CPU
		{BE881514-97F4-42B6-A7E5-826BECBE6702}.Release|Any CPU.Build.0 = Release|Any CPU
		{1AB1A553-E95A-4B97-9CF2-ADDC025E1CB5}.Debug|Any CPU.ActiveCfg = Debug|Any CPU
		{1AB1A553-E95A-4B97-9CF2-ADDC025E1CB5}.Debug|Any CPU.Build.0 = Debug|Any CPU
		{1AB1A553-E95A-4B97-9CF2-ADDC025E1CB5}.Release|Any CPU.ActiveCfg = Release|Any CPU
		{1AB1A553-E95A-4B97-9CF2-ADDC025E1CB5}.Release|Any CPU.Build.0 = Release|Any CPU
		{935C6894-C1AB-4703-8617-C80CC7EEF2A1}.Debug|Any CPU.ActiveCfg = Debug|Any CPU
		{935C6894-C1AB-4703-8617-C80CC7EEF2A1}.Debug|Any CPU.Build.0 = Debug|Any CPU
		{935C6894-C1AB-4703-8617-C80CC7EEF2A1}.Release|Any CPU.ActiveCfg = Release|Any CPU
		{935C6894-C1AB-4703-8617-C80CC7EEF2A1}.Release|Any CPU.Build.0 = Release|Any CPU
		{0C3E6463-F050-4104-BF17-09A6DDE2529B}.Debug|Any CPU.ActiveCfg = Debug|Any CPU
		{0C3E6463-F050-4104-BF17-09A6DDE2529B}.Debug|Any CPU.Build.0 = Debug|Any CPU
		{0C3E6463-F050-4104-BF17-09A6DDE2529B}.Release|Any CPU.ActiveCfg = Release|Any CPU
		{0C3E6463-F050-4104-BF17-09A6DDE2529B}.Release|Any CPU.Build.0 = Release|Any CPU
	EndGlobalSection
	GlobalSection(SolutionProperties) = preSolution
		HideSolutionNode = FALSE
	EndGlobalSection
	GlobalSection(NestedProjects) = preSolution
		{17014FF3-784B-4511-9090-360E496104FD} = {FEA5F0B3-D8E8-4ED8-8CF1-A70DE886F65A}
		{BE90C12B-9545-4626-80CF-B4F7610B5848} = {FEA5F0B3-D8E8-4ED8-8CF1-A70DE886F65A}
		{D9300196-EC02-4F6C-8AE0-624CA0934DEF} = {CCDC63DC-BD3B-419E-8FB2-E031E4930372}
		{52BEB6FA-946B-431F-A013-B34F93523233} = {CCDC63DC-BD3B-419E-8FB2-E031E4930372}
		{3BF57D9D-2B64-466A-92A9-5942CB8557C8} = {BE90C12B-9545-4626-80CF-B4F7610B5848}
		{625F1795-56A1-46E1-9025-728927A97EB6} = {17014FF3-784B-4511-9090-360E496104FD}
		{8B0332CD-3BEE-473C-BAB5-F3840E767140} = {D9300196-EC02-4F6C-8AE0-624CA0934DEF}
		{6376ED40-00EC-42FC-914F-504F69F3CD8C} = {D9300196-EC02-4F6C-8AE0-624CA0934DEF}
		{FEA5F0B3-D8E8-4ED8-8CF1-A70DE886F65A} = {CCDC63DC-BD3B-419E-8FB2-E031E4930372}
		{BE881514-97F4-42B6-A7E5-826BECBE6702} = {52BEB6FA-946B-431F-A013-B34F93523233}
		{B37554B9-5DD5-421F-893D-81E5822DE07A} = {CCDC63DC-BD3B-419E-8FB2-E031E4930372}
		{1AB1A553-E95A-4B97-9CF2-ADDC025E1CB5} = {B37554B9-5DD5-421F-893D-81E5822DE07A}
		{4F248EF6-8CFD-40A5-B360-1B6265B01019} = {CCDC63DC-BD3B-419E-8FB2-E031E4930372}
		{935C6894-C1AB-4703-8617-C80CC7EEF2A1} = {4F248EF6-8CFD-40A5-B360-1B6265B01019}
		{75A7311F-36F4-4FFE-8FCC-EA1AD8E009F0} = {CCDC63DC-BD3B-419E-8FB2-E031E4930372}
		{0C3E6463-F050-4104-BF17-09A6DDE2529B} = {75A7311F-36F4-4FFE-8FCC-EA1AD8E009F0}
	EndGlobalSection
	GlobalSection(ExtensibilityGlobals) = postSolution
		SolutionGuid = {F35D0BFC-CC6C-423D-904E-07404272B640}
	EndGlobalSection
EndGlobal
